
Microsoft Visual Studio Solution File, Format Version 12.00
# Visual Studio Version 17
VisualStudioVersion = 17.6.33723.286
MinimumVisualStudioVersion = 10.0.40219.1
Project("{9A19103F-16F7-4668-BE54-9A1E7A4F7556}") = "LoginsAU", "LoginsAU\LoginsAU.csproj", "{3083E794-6936-4089-BFA4-55BADC0D8368}"
EndProject
Global
	GlobalSection(SolutionConfigurationPlatforms) = preSolution
		Debug|Any CPU = Debug|Any CPU
		Release|Any CPU = Release|Any CPU
	EndGlobalSection
	GlobalSection(ProjectConfigurationPlatforms) = postSolution
		{3083E794-6936-4089-BFA4-55BADC0D8368}.Debug|Any CPU.ActiveCfg = Debug|Any CPU
		{3083E794-6936-4089-BFA4-55BADC0D8368}.Debug|Any CPU.Build.0 = Debug|Any CPU
		{3083E794-6936-4089-BFA4-55BADC0D8368}.Release|Any CPU.ActiveCfg = Release|Any CPU
		{3083E794-6936-4089-BFA4-55BADC0D8368}.Release|Any CPU.Build.0 = Release|Any CPU
	EndGlobalSection
	GlobalSection(SolutionProperties) = preSolution
		HideSolutionNode = FALSE
	EndGlobalSection
	GlobalSection(ExtensibilityGlobals) = postSolution
		SolutionGuid = {6DAED337-9703-4338-AAE2-4F442AE83596}
	EndGlobalSection
EndGlobal
